// !$*UTF8*$!
{
	archiveVersion = 1;
	classes = {
	};
	objectVersion = 46;
	objects = {

/* Begin PBXBuildFile section */
		341B2C4C1F73B0E00098E52C /* AppDelegate.swift in Sources */ = {isa = PBXBuildFile; fileRef = 341B2C4B1F73B0E00098E52C /* AppDelegate.swift */; };
		341B2C511F73B0E00098E52C /* Main.storyboard in Resources */ = {isa = PBXBuildFile; fileRef = 341B2C4F1F73B0E00098E52C /* Main.storyboard */; };
		341B2C531F73B0E00098E52C /* Assets.xcassets in Resources */ = {isa = PBXBuildFile; fileRef = 341B2C521F73B0E00098E52C /* Assets.xcassets */; };
		341B2C561F73B0E00098E52C /* LaunchScreen.storyboard in Resources */ = {isa = PBXBuildFile; fileRef = 341B2C541F73B0E00098E52C /* LaunchScreen.storyboard */; };
		341B2C5E1F73C8D80098E52C /* LaunchScreen.swift in Sources */ = {isa = PBXBuildFile; fileRef = 341B2C5D1F73C8D80098E52C /* LaunchScreen.swift */; };
		341B2C601F73C9550098E52C /* LoadingView.swift in Sources */ = {isa = PBXBuildFile; fileRef = 341B2C5F1F73C9550098E52C /* LoadingView.swift */; };
		341B2C621F74D5490098E52C /* AirportRequestManager.swift in Sources */ = {isa = PBXBuildFile; fileRef = 341B2C611F74D5490098E52C /* AirportRequestManager.swift */; };
		341B2C6A1F74D70B0098E52C /* AirportsViewController.swift in Sources */ = {isa = PBXBuildFile; fileRef = 341B2C691F74D70B0098E52C /* AirportsViewController.swift */; };
		341B2C6D1F74D73A0098E52C /* AirportModel.swift in Sources */ = {isa = PBXBuildFile; fileRef = 341B2C6C1F74D73A0098E52C /* AirportModel.swift */; };
		B410BBC065A1E1AAC44351F5 /* Pods_Ryanair.framework in Frameworks */ = {isa = PBXBuildFile; fileRef = F53458F7FD012CF2266187A6 /* Pods_Ryanair.framework */; };
/* End PBXBuildFile section */

/* Begin PBXFileReference section */
		12AEA46A52C162DBAC69FCEE /* Pods-Ryanair.debug.xcconfig */ = {isa = PBXFileReference; includeInIndex = 1; lastKnownFileType = text.xcconfig; name = "Pods-Ryanair.debug.xcconfig"; path = "Pods/Target Support Files/Pods-Ryanair/Pods-Ryanair.debug.xcconfig"; sourceTree = "<group>"; };
		1CA3BC57B847E34CF0D81B55 /* Pods-Ryanair.release.xcconfig */ = {isa = PBXFileReference; includeInIndex = 1; lastKnownFileType = text.xcconfig; name = "Pods-Ryanair.release.xcconfig"; path = "Pods/Target Support Files/Pods-Ryanair/Pods-Ryanair.release.xcconfig"; sourceTree = "<group>"; };
		341B2C481F73B0E00098E52C /* Ryanair.app */ = {isa = PBXFileReference; explicitFileType = wrapper.application; includeInIndex = 0; path = Ryanair.app; sourceTree = BUILT_PRODUCTS_DIR; };
		341B2C4B1F73B0E00098E52C /* AppDelegate.swift */ = {isa = PBXFileReference; lastKnownFileType = sourcecode.swift; path = AppDelegate.swift; sourceTree = "<group>"; };
		341B2C501F73B0E00098E52C /* Base */ = {isa = PBXFileReference; lastKnownFileType = file.storyboard; name = Base; path = Base.lproj/Main.storyboard; sourceTree = "<group>"; };
		341B2C521F73B0E00098E52C /* Assets.xcassets */ = {isa = PBXFileReference; lastKnownFileType = folder.assetcatalog; path = Assets.xcassets; sourceTree = "<group>"; };
		341B2C551F73B0E00098E52C /* Base */ = {isa = PBXFileReference; lastKnownFileType = file.storyboard; name = Base; path = Base.lproj/LaunchScreen.storyboard; sourceTree = "<group>"; };
		341B2C571F73B0E00098E52C /* Info.plist */ = {isa = PBXFileReference; lastKnownFileType = text.plist.xml; path = Info.plist; sourceTree = "<group>"; };
		341B2C5D1F73C8D80098E52C /* LaunchScreen.swift */ = {isa = PBXFileReference; fileEncoding = 4; lastKnownFileType = sourcecode.swift; path = LaunchScreen.swift; sourceTree = "<group>"; };
		341B2C5F1F73C9550098E52C /* LoadingView.swift */ = {isa = PBXFileReference; fileEncoding = 4; lastKnownFileType = sourcecode.swift; path = LoadingView.swift; sourceTree = "<group>"; };
		341B2C611F74D5490098E52C /* AirportRequestManager.swift */ = {isa = PBXFileReference; fileEncoding = 4; lastKnownFileType = sourcecode.swift; path = AirportRequestManager.swift; sourceTree = "<group>"; };
		341B2C691F74D70B0098E52C /* AirportsViewController.swift */ = {isa = PBXFileReference; fileEncoding = 4; lastKnownFileType = sourcecode.swift; path = AirportsViewController.swift; sourceTree = "<group>"; };
		341B2C6C1F74D73A0098E52C /* AirportModel.swift */ = {isa = PBXFileReference; fileEncoding = 4; lastKnownFileType = sourcecode.swift; path = AirportModel.swift; sourceTree = "<group>"; };
		F53458F7FD012CF2266187A6 /* Pods_Ryanair.framework */ = {isa = PBXFileReference; explicitFileType = wrapper.framework; includeInIndex = 0; path = Pods_Ryanair.framework; sourceTree = BUILT_PRODUCTS_DIR; };
/* End PBXFileReference section */

/* Begin PBXFrameworksBuildPhase section */
		341B2C451F73B0E00098E52C /* Frameworks */ = {
			isa = PBXFrameworksBuildPhase;
			buildActionMask = 2147483647;
			files = (
				B410BBC065A1E1AAC44351F5 /* Pods_Ryanair.framework in Frameworks */,
			);
			runOnlyForDeploymentPostprocessing = 0;
		};
/* End PBXFrameworksBuildPhase section */

/* Begin PBXGroup section */
		341B2C3F1F73B0E00098E52C = {
			isa = PBXGroup;
			children = (
				341B2C4A1F73B0E00098E52C /* Ryanair */,
				341B2C491F73B0E00098E52C /* Products */,
				7C3CCE2CFCD9D12BA442B5BD /* Pods */,
				8C5F8865A227828BB49D3FCC /* Frameworks */,
			);
			sourceTree = "<group>";
		};
		341B2C491F73B0E00098E52C /* Products */ = {
			isa = PBXGroup;
			children = (
				341B2C481F73B0E00098E52C /* Ryanair.app */,
			);
			name = Products;
			sourceTree = "<group>";
		};
		341B2C4A1F73B0E00098E52C /* Ryanair */ = {
			isa = PBXGroup;
			children = (
				341B2C661F74D6670098E52C /* AppRoot */,
				341B2C641F74D60D0098E52C /* Manager */,
				341B2C6B1F74D7190098E52C /* Model */,
				341B2C651F74D6240098E52C /* Views */,
				341B2C631F74D6040098E52C /* Controller */,
				341B2C681F74D6BB0098E52C /* Shared */,
				341B2C671F74D6780098E52C /* Resources */,
			);
			path = Ryanair;
			sourceTree = "<group>";
		};
		341B2C631F74D6040098E52C /* Controller */ = {
			isa = PBXGroup;
			children = (
				341B2C5D1F73C8D80098E52C /* LaunchScreen.swift */,
				341B2C691F74D70B0098E52C /* AirportsViewController.swift */,
			);
			name = Controller;
			sourceTree = "<group>";
		};
		341B2C641F74D60D0098E52C /* Manager */ = {
			isa = PBXGroup;
			children = (
				341B2C611F74D5490098E52C /* AirportRequestManager.swift */,
			);
			name = Manager;
			sourceTree = "<group>";
		};
		341B2C651F74D6240098E52C /* Views */ = {
			isa = PBXGroup;
			children = (
				341B2C4F1F73B0E00098E52C /* Main.storyboard */,
				341B2C541F73B0E00098E52C /* LaunchScreen.storyboard */,
			);
			name = Views;
			sourceTree = "<group>";
		};
		341B2C661F74D6670098E52C /* AppRoot */ = {
			isa = PBXGroup;
			children = (
				341B2C4B1F73B0E00098E52C /* AppDelegate.swift */,
				341B2C571F73B0E00098E52C /* Info.plist */,
			);
			name = AppRoot;
			sourceTree = "<group>";
		};
		341B2C671F74D6780098E52C /* Resources */ = {
			isa = PBXGroup;
			children = (
				341B2C521F73B0E00098E52C /* Assets.xcassets */,
			);
			name = Resources;
			sourceTree = "<group>";
		};
		341B2C681F74D6BB0098E52C /* Shared */ = {
			isa = PBXGroup;
			children = (
				341B2C5F1F73C9550098E52C /* LoadingView.swift */,
			);
			name = Shared;
			sourceTree = "<group>";
		};
		341B2C6B1F74D7190098E52C /* Model */ = {
			isa = PBXGroup;
			children = (
				341B2C6C1F74D73A0098E52C /* AirportModel.swift */,
			);
			name = Model;
			sourceTree = "<group>";
		};
		7C3CCE2CFCD9D12BA442B5BD /* Pods */ = {
			isa = PBXGroup;
			children = (
				12AEA46A52C162DBAC69FCEE /* Pods-Ryanair.debug.xcconfig */,
				1CA3BC57B847E34CF0D81B55 /* Pods-Ryanair.release.xcconfig */,
			);
			name = Pods;
			sourceTree = "<group>";
		};
		8C5F8865A227828BB49D3FCC /* Frameworks */ = {
			isa = PBXGroup;
			children = (
				F53458F7FD012CF2266187A6 /* Pods_Ryanair.framework */,
			);
			name = Frameworks;
			sourceTree = "<group>";
		};
/* End PBXGroup section */

/* Begin PBXNativeTarget section */
		341B2C471F73B0E00098E52C /* Ryanair */ = {
			isa = PBXNativeTarget;
			buildConfigurationList = 341B2C5A1F73B0E00098E52C /* Build configuration list for PBXNativeTarget "Ryanair" */;
			buildPhases = (
				BDCC45E52AEDD0A4178D2938 /* [CP] Check Pods Manifest.lock */,
				341B2C441F73B0E00098E52C /* Sources */,
				341B2C451F73B0E00098E52C /* Frameworks */,
				341B2C461F73B0E00098E52C /* Resources */,
				A4F6350579FC9FCD3CF0188C /* [CP] Embed Pods Frameworks */,
				056EEFDF4C60A8D1ED9F7780 /* [CP] Copy Pods Resources */,
			);
			buildRules = (
			);
			dependencies = (
			);
			name = Ryanair;
			productName = Ryanair;
			productReference = 341B2C481F73B0E00098E52C /* Ryanair.app */;
			productType = "com.apple.product-type.application";
		};
/* End PBXNativeTarget section */

/* Begin PBXProject section */
		341B2C401F73B0E00098E52C /* Project object */ = {
			isa = PBXProject;
			attributes = {
				LastSwiftUpdateCheck = 0830;
				LastUpgradeCheck = 0830;
				ORGANIZATIONNAME = Ariel;
				TargetAttributes = {
					341B2C471F73B0E00098E52C = {
						CreatedOnToolsVersion = 8.3.3;
						ProvisioningStyle = Automatic;
					};
				};
			};
			buildConfigurationList = 341B2C431F73B0E00098E52C /* Build configuration list for PBXProject "Ryanair" */;
			compatibilityVersion = "Xcode 3.2";
			developmentRegion = English;
			hasScannedForEncodings = 0;
			knownRegions = (
				en,
				Base,
			);
			mainGroup = 341B2C3F1F73B0E00098E52C;
			productRefGroup = 341B2C491F73B0E00098E52C /* Products */;
			projectDirPath = "";
			projectRoot = "";
			targets = (
				341B2C471F73B0E00098E52C /* Ryanair */,
			);
		};
/* End PBXProject section */

/* Begin PBXResourcesBuildPhase section */
		341B2C461F73B0E00098E52C /* Resources */ = {
			isa = PBXResourcesBuildPhase;
			buildActionMask = 2147483647;
			files = (
				341B2C561F73B0E00098E52C /* LaunchScreen.storyboard in Resources */,
				341B2C531F73B0E00098E52C /* Assets.xcassets in Resources */,
				341B2C511F73B0E00098E52C /* Main.storyboard in Resources */,
			);
			runOnlyForDeploymentPostprocessing = 0;
		};
/* End PBXResourcesBuildPhase section */

/* Begin PBXShellScriptBuildPhase section */
		056EEFDF4C60A8D1ED9F7780 /* [CP] Copy Pods Resources */ = {
			isa = PBXShellScriptBuildPhase;
			buildActionMask = 2147483647;
			files = (
			);
			inputPaths = (
			);
			name = "[CP] Copy Pods Resources";
			outputPaths = (
			);
			runOnlyForDeploymentPostprocessing = 0;
			shellPath = /bin/sh;
			shellScript = "\"${SRCROOT}/Pods/Target Support Files/Pods-Ryanair/Pods-Ryanair-resources.sh\"\n";
			showEnvVarsInLog = 0;
		};
		A4F6350579FC9FCD3CF0188C /* [CP] Embed Pods Frameworks */ = {
			isa = PBXShellScriptBuildPhase;
			buildActionMask = 2147483647;
			files = (
			);
			inputPaths = (
			);
			name = "[CP] Embed Pods Frameworks";
			outputPaths = (
			);
			runOnlyForDeploymentPostprocessing = 0;
			shellPath = /bin/sh;
			shellScript = "\"${SRCROOT}/Pods/Target Support Files/Pods-Ryanair/Pods-Ryanair-frameworks.sh\"\n";
			showEnvVarsInLog = 0;
		};
		BDCC45E52AEDD0A4178D2938 /* [CP] Check Pods Manifest.lock */ = {
			isa = PBXShellScriptBuildPhase;
			buildActionMask = 2147483647;
			files = (
			);
			inputPaths = (
			);
			name = "[CP] Check Pods Manifest.lock";
			outputPaths = (
			);
			runOnlyForDeploymentPostprocessing = 0;
			shellPath = /bin/sh;
			shellScript = "diff \"${PODS_PODFILE_DIR_PATH}/Podfile.lock\" \"${PODS_ROOT}/Manifest.lock\" > /dev/null\nif [ $? != 0 ] ; then\n    # print error to STDERR\n    echo \"error: The sandbox is not in sync with the Podfile.lock. Run 'pod install' or update your CocoaPods installation.\" >&2\n    exit 1\nfi\n";
			showEnvVarsInLog = 0;
		};
/* End PBXShellScriptBuildPhase section */

/* Begin PBXSourcesBuildPhase section */
		341B2C441F73B0E00098E52C /* Sources */ = {
			isa = PBXSourcesBuildPhase;
			buildActionMask = 2147483647;
			files = (
				341B2C621F74D5490098E52C /* AirportRequestManager.swift in Sources */,
				341B2C601F73C9550098E52C /* LoadingView.swift in Sources */,
				341B2C4C1F73B0E00098E52C /* AppDelegate.swift in Sources */,
				341B2C6D1F74D73A0098E52C /* AirportModel.swift in Sources */,
				341B2C5E1F73C8D80098E52C /* LaunchScreen.swift in Sources */,
				341B2C6A1F74D70B0098E52C /* AirportsViewController.swift in Sources */,
			);
			runOnlyForDeploymentPostprocessing = 0;
		};
/* End PBXSourcesBuildPhase section */

/* Begin PBXVariantGroup section */
		341B2C4F1F73B0E00098E52C /* Main.storyboard */ = {
			isa = PBXVariantGroup;
			children = (
				341B2C501F73B0E00098E52C /* Base */,
			);
			name = Main.storyboard;
			sourceTree = "<group>";
		};
		341B2C541F73B0E00098E52C /* LaunchScreen.storyboard */ = {
			isa = PBXVariantGroup;
			children = (
				341B2C551F73B0E00098E52C /* Base */,
			);
			name = LaunchScreen.storyboard;
			sourceTree = "<group>";
		};
/* End PBXVariantGroup section */

/* Begin XCBuildConfiguration section */
		341B2C581F73B0E00098E52C /* Debug */ = {
			isa = XCBuildConfiguration;
			buildSettings = {
				ALWAYS_SEARCH_USER_PATHS = NO;
				CLANG_ANALYZER_NONNULL = YES;
				CLANG_ANALYZER_NUMBER_OBJECT_CONVERSION = YES_AGGRESSIVE;
				CLANG_CXX_LANGUAGE_STANDARD = "gnu++0x";
				CLANG_CXX_LIBRARY = "libc++";
				CLANG_ENABLE_MODULES = YES;
				CLANG_ENABLE_OBJC_ARC = YES;
				CLANG_WARN_BOOL_CONVERSION = YES;
				CLANG_WARN_CONSTANT_CONVERSION = YES;
				CLANG_WARN_DIRECT_OBJC_ISA_USAGE = YES_ERROR;
				CLANG_WARN_DOCUMENTATION_COMMENTS = YES;
				CLANG_WARN_EMPTY_BODY = YES;
				CLANG_WARN_ENUM_CONVERSION = YES;
				CLANG_WARN_INFINITE_RECURSION = YES;
				CLANG_WARN_INT_CONVERSION = YES;
				CLANG_WARN_OBJC_ROOT_CLASS = YES_ERROR;
				CLANG_WARN_SUSPICIOUS_MOVE = YES;
				CLANG_WARN_UNREACHABLE_CODE = YES;
				CLANG_WARN__DUPLICATE_METHOD_MATCH = YES;
				"CODE_SIGN_IDENTITY[sdk=iphoneos*]" = "iPhone Developer";
				COPY_PHASE_STRIP = NO;
				DEBUG_INFORMATION_FORMAT = dwarf;
				ENABLE_STRICT_OBJC_MSGSEND = YES;
				ENABLE_TESTABILITY = YES;
				GCC_C_LANGUAGE_STANDARD = gnu99;
				GCC_DYNAMIC_NO_PIC = NO;
				GCC_NO_COMMON_BLOCKS = YES;
				GCC_OPTIMIZATION_LEVEL = 0;
				GCC_PREPROCESSOR_DEFINITIONS = (
					"DEBUG=1",
					"$(inherited)",
				);
				GCC_WARN_64_TO_32_BIT_CONVERSION = YES;
				GCC_WARN_ABOUT_RETURN_TYPE = YES_ERROR;
				GCC_WARN_UNDECLARED_SELECTOR = YES;
				GCC_WARN_UNINITIALIZED_AUTOS = YES_AGGRESSIVE;
				GCC_WARN_UNUSED_FUNCTION = YES;
				GCC_WARN_UNUSED_VARIABLE = YES;
				IPHONEOS_DEPLOYMENT_TARGET = 10.3;
				MTL_ENABLE_DEBUG_INFO = YES;
				ONLY_ACTIVE_ARCH = YES;
				SDKROOT = iphoneos;
				SWIFT_ACTIVE_COMPILATION_CONDITIONS = DEBUG;
				SWIFT_OPTIMIZATION_LEVEL = "-Onone";
			};
			name = Debug;
		};
		341B2C591F73B0E00098E52C /* Release */ = {
			isa = XCBuildConfiguration;
			buildSettings = {
				ALWAYS_SEARCH_USER_PATHS = NO;
				CLANG_ANALYZER_NONNULL = YES;
				CLANG_ANALYZER_NUMBER_OBJECT_CONVERSION = YES_AGGRESSIVE;
				CLANG_CXX_LANGUAGE_STANDARD = "gnu++0x";
				CLANG_CXX_LIBRARY = "libc++";
				CLANG_ENABLE_MODULES = YES;
				CLANG_ENABLE_OBJC_ARC = YES;
				CLANG_WARN_BOOL_CONVERSION = YES;
				CLANG_WARN_CONSTANT_CONVERSION = YES;
				CLANG_WARN_DIRECT_OBJC_ISA_USAGE = YES_ERROR;
				CLANG_WARN_DOCUMENTATION_COMMENTS = YES;
				CLANG_WARN_EMPTY_BODY = YES;
				CLANG_WARN_ENUM_CONVERSION = YES;
				CLANG_WARN_INFINITE_RECURSION = YES;
				CLANG_WARN_INT_CONVERSION = YES;
				CLANG_WARN_OBJC_ROOT_CLASS = YES_ERROR;
				CLANG_WARN_SUSPICIOUS_MOVE = YES;
				CLANG_WARN_UNREACHABLE_CODE = YES;
				CLANG_WARN__DUPLICATE_METHOD_MATCH = YES;
				"CODE_SIGN_IDENTITY[sdk=iphoneos*]" = "iPhone Developer";
				COPY_PHASE_STRIP = NO;
				DEBUG_INFORMATION_FORMAT = "dwarf-with-dsym";
				ENABLE_NS_ASSERTIONS = NO;
				ENABLE_STRICT_OBJC_MSGSEND = YES;
				GCC_C_LANGUAGE_STANDARD = gnu99;
				GCC_NO_COMMON_BLOCKS = YES;
				GCC_WARN_64_TO_32_BIT_CONVERSION = YES;
				GCC_WARN_ABOUT_RETURN_TYPE = YES_ERROR;
				GCC_WARN_UNDECLARED_SELECTOR = YES;
				GCC_WARN_UNINITIALIZED_AUTOS = YES_AGGRESSIVE;
				GCC_WARN_UNUSED_FUNCTION = YES;
				GCC_WARN_UNUSED_VARIABLE = YES;
				IPHONEOS_DEPLOYMENT_TARGET = 10.3;
				MTL_ENABLE_DEBUG_INFO = NO;
				SDKROOT = iphoneos;
				SWIFT_OPTIMIZATION_LEVEL = "-Owholemodule";
				VALIDATE_PRODUCT = YES;
			};
			name = Release;
		};
		341B2C5B1F73B0E00098E52C /* Debug */ = {
			isa = XCBuildConfiguration;
			baseConfigurationReference = 12AEA46A52C162DBAC69FCEE /* Pods-Ryanair.debug.xcconfig */;
			buildSettings = {
				ASSETCATALOG_COMPILER_APPICON_NAME = AppIcon;
				INFOPLIST_FILE = Ryanair/Info.plist;
				LD_RUNPATH_SEARCH_PATHS = "$(inherited) @executable_path/Frameworks";
				PRODUCT_BUNDLE_IDENTIFIER = com.ryan.Ryanair;
				PRODUCT_NAME = "$(TARGET_NAME)";
				SWIFT_VERSION = 3.0;
			};
			name = Debug;
		};
		341B2C5C1F73B0E00098E52C /* Release */ = {
			isa = XCBuildConfiguration;
			baseConfigurationReference = 1CA3BC57B847E34CF0D81B55 /* Pods-Ryanair.release.xcconfig */;
			buildSettings = {
				ASSETCATALOG_COMPILER_APPICON_NAME = AppIcon;
				INFOPLIST_FILE = Ryanair/Info.plist;
				LD_RUNPATH_SEARCH_PATHS = "$(inherited) @executable_path/Frameworks";
				PRODUCT_BUNDLE_IDENTIFIER = com.ryan.Ryanair;
				PRODUCT_NAME = "$(TARGET_NAME)";
				SWIFT_VERSION = 3.0;
			};
			name = Release;
		};
/* End XCBuildConfiguration section */

/* Begin XCConfigurationList section */
		341B2C431F73B0E00098E52C /* Build configuration list for PBXProject "Ryanair" */ = {
			isa = XCConfigurationList;
			buildConfigurations = (
				341B2C581F73B0E00098E52C /* Debug */,
				341B2C591F73B0E00098E52C /* Release */,
			);
			defaultConfigurationIsVisible = 0;
			defaultConfigurationName = Release;
		};
		341B2C5A1F73B0E00098E52C /* Build configuration list for PBXNativeTarget "Ryanair" */ = {
			isa = XCConfigurationList;
			buildConfigurations = (
				341B2C5B1F73B0E00098E52C /* Debug */,
				341B2C5C1F73B0E00098E52C /* Release */,
			);
			defaultConfigurationIsVisible = 0;
			defaultConfigurationName = Release;
		};
/* End XCConfigurationList section */
	};
	rootObject = 341B2C401F73B0E00098E52C /* Project object */;
}
