PODS:
  - Alamofire (4.5.0)
  - PKHUD (4.2.3)

DEPENDENCIES:
  - Alamofire (~> 4.5)
  - PKHUD (~> 4.0)

SPEC CHECKSUMS:
  Alamofire: f28cdffd29de33a7bfa022cbd63ae95a27fae140
  PKHUD: c7692163a09875cbf15827dc581df3c5cf7f1015

PODFILE CHECKSUM: e82ac8407b3498fe28db5257bc47f2aa5debfd46

COCOAPODS: 1.2.1
